
Microsoft Visual Studio Solution File, Format Version 12.00
# Visual Studio 15
VisualStudioVersion = 15.0.33026.149
MinimumVisualStudioVersion = 10.0.40219.1
Project("{FAE04EC0-301F-11D3-BF4B-00C04F79EFBC}") = "activizBtnTest", "activizBtnTest\activizBtnTest.csproj", "{B2CBDBD4-A112-4D8A-8937-B22A53A0576D}"
EndProject
Global
	GlobalSection(SolutionConfigurationPlatforms) = preSolution
		Debug|Any CPU = Debug|Any CPU
		Release|Any CPU = Release|Any CPU
	EndGlobalSection
	GlobalSection(ProjectConfigurationPlatforms) = postSolution
		{B2CBDBD4-A112-4D8A-8937-B22A53A0576D}.Debug|Any CPU.ActiveCfg = Debug|Any CPU
		{B2CBDBD4-A112-4D8A-8937-B22A53A0576D}.Debug|Any CPU.Build.0 = Debug|Any CPU
		{B2CBDBD4-A112-4D8A-8937-B22A53A0576D}.Release|Any CPU.ActiveCfg = Release|Any CPU
		{B2CBDBD4-A112-4D8A-8937-B22A53A0576D}.Release|Any CPU.Build.0 = Release|Any CPU
	EndGlobalSection
	GlobalSection(SolutionProperties) = preSolution
		HideSolutionNode = FALSE
	EndGlobalSection
	GlobalSection(ExtensibilityGlobals) = postSolution
		SolutionGuid = {D65B4BA6-A6D1-4917-BD58-B049C016BD56}
	EndGlobalSection
EndGlobal
